
Microsoft Visual Studio Solution File, Format Version 12.00
# Visual Studio Version 17
VisualStudioVersion = 17.13.35931.197 d17.13
MinimumVisualStudioVersion = 10.0.40219.1
Project("{FAE04EC0-301F-11D3-BF4B-00C04F79EFBC}") = "Event.DAL", "Event.DAL\Event.DAL.csproj", "{80239343-3E7F-48E5-B645-386ED1675AB1}"
EndProject
Project("{FAE04EC0-301F-11D3-BF4B-00C04F79EFBC}") = "Event.API", "Event.API\Event.API.csproj", "{9A451165-3BEC-4E1E-97E4-7F84F44BAD7D}"
EndProject
Global
	GlobalSection(SolutionConfigurationPlatforms) = preSolution
		Debug|Any CPU = Debug|Any CPU
		Release|Any CPU = Release|Any CPU
	EndGlobalSection
	GlobalSection(ProjectConfigurationPlatforms) = postSolution
		{80239343-3E7F-48E5-B645-386ED1675AB1}.Debug|Any CPU.ActiveCfg = Debug|Any CPU
		{80239343-3E7F-48E5-B645-386ED1675AB1}.Debug|Any CPU.Build.0 = Debug|Any CPU
		{80239343-3E7F-48E5-B645-386ED1675AB1}.Release|Any CPU.ActiveCfg = Release|Any CPU
		{80239343-3E7F-48E5-B645-386ED1675AB1}.Release|Any CPU.Build.0 = Release|Any CPU
		{9A451165-3BEC-4E1E-97E4-7F84F44BAD7D}.Debug|Any CPU.ActiveCfg = Debug|Any CPU
		{9A451165-3BEC-4E1E-97E4-7F84F44BAD7D}.Debug|Any CPU.Build.0 = Debug|Any CPU
		{9A451165-3BEC-4E1E-97E4-7F84F44BAD7D}.Release|Any CPU.ActiveCfg = Release|Any CPU
		{9A451165-3BEC-4E1E-97E4-7F84F44BAD7D}.Release|Any CPU.Build.0 = Release|Any CPU
	EndGlobalSection
	GlobalSection(SolutionProperties) = preSolution
		HideSolutionNode = FALSE
	EndGlobalSection
	GlobalSection(ExtensibilityGlobals) = postSolution
		SolutionGuid = {39797B4C-2E82-4561-BA8E-474C85E9D10A}
	EndGlobalSection
EndGlobal
