
Microsoft Visual Studio Solution File, Format Version 12.00
# Visual Studio Version 17
VisualStudioVersion = 17.13.35931.197
MinimumVisualStudioVersion = 10.0.40219.1
Project("{FAE04EC0-301F-11D3-BF4B-00C04F79EFBC}") = "EventAppDAL", "EventAppDAL\EventAppDAL.csproj", "{7FC3ADFC-9332-4840-937F-D0828C8C5B2E}"
EndProject
Project("{FAE04EC0-301F-11D3-BF4B-00C04F79EFBC}") = "EventUIApp", "EventUIApp\EventUIApp.csproj", "{2CD1C1DF-F5D9-4AFB-AAFC-DAA7A86EE7B2}"
	ProjectSection(ProjectDependencies) = postProject
		{7FC3ADFC-9332-4840-937F-D0828C8C5B2E} = {7FC3ADFC-9332-4840-937F-D0828C8C5B2E}
	EndProjectSection
EndProject
Global
	GlobalSection(SolutionConfigurationPlatforms) = preSolution
		Debug|Any CPU = Debug|Any CPU
		Release|Any CPU = Release|Any CPU
	EndGlobalSection
	GlobalSection(ProjectConfigurationPlatforms) = postSolution
		{7FC3ADFC-9332-4840-937F-D0828C8C5B2E}.Debug|Any CPU.ActiveCfg = Debug|Any CPU
		{7FC3ADFC-9332-4840-937F-D0828C8C5B2E}.Debug|Any CPU.Build.0 = Debug|Any CPU
		{7FC3ADFC-9332-4840-937F-D0828C8C5B2E}.Release|Any CPU.ActiveCfg = Release|Any CPU
		{7FC3ADFC-9332-4840-937F-D0828C8C5B2E}.Release|Any CPU.Build.0 = Release|Any CPU
		{2CD1C1DF-F5D9-4AFB-AAFC-DAA7A86EE7B2}.Debug|Any CPU.ActiveCfg = Debug|Any CPU
		{2CD1C1DF-F5D9-4AFB-AAFC-DAA7A86EE7B2}.Debug|Any CPU.Build.0 = Debug|Any CPU
		{2CD1C1DF-F5D9-4AFB-AAFC-DAA7A86EE7B2}.Release|Any CPU.ActiveCfg = Release|Any CPU
		{2CD1C1DF-F5D9-4AFB-AAFC-DAA7A86EE7B2}.Release|Any CPU.Build.0 = Release|Any CPU
	EndGlobalSection
	GlobalSection(SolutionProperties) = preSolution
		HideSolutionNode = FALSE
	EndGlobalSection
	GlobalSection(ExtensibilityGlobals) = postSolution
		SolutionGuid = {B04F484A-7C7B-4FE6-A311-0F7B257A3110}
	EndGlobalSection
EndGlobal
