
Microsoft Visual Studio Solution File, Format Version 12.00
# Visual Studio Version 17
VisualStudioVersion = 17.13.35931.197 d17.13
MinimumVisualStudioVersion = 10.0.40219.1
Project("{FAE04EC0-301F-11D3-BF4B-00C04F79EFBC}") = "MVC Layouts Case study", "MVC Layouts Case study.csproj", "{EE0F59BC-0C27-4453-BAB3-92A4F2450113}"
EndProject
Global
	GlobalSection(SolutionConfigurationPlatforms) = preSolution
		Debug|Any CPU = Debug|Any CPU
		Release|Any CPU = Release|Any CPU
	EndGlobalSection
	GlobalSection(ProjectConfigurationPlatforms) = postSolution
		{EE0F59BC-0C27-4453-BAB3-92A4F2450113}.Debug|Any CPU.ActiveCfg = Debug|Any CPU
		{EE0F59BC-0C27-4453-BAB3-92A4F2450113}.Debug|Any CPU.Build.0 = Debug|Any CPU
		{EE0F59BC-0C27-4453-BAB3-92A4F2450113}.Release|Any CPU.ActiveCfg = Release|Any CPU
		{EE0F59BC-0C27-4453-BAB3-92A4F2450113}.Release|Any CPU.Build.0 = Release|Any CPU
	EndGlobalSection
	GlobalSection(SolutionProperties) = preSolution
		HideSolutionNode = FALSE
	EndGlobalSection
	GlobalSection(ExtensibilityGlobals) = postSolution
		SolutionGuid = {525BD7D4-F111-4E0C-A5FA-15B8A4AAD002}
	EndGlobalSection
EndGlobal
